{
  "version": 1,
  "dependencies": {
    "net10.0": {
      "FastEndpoints": {
        "type": "Direct",
        "requested": "[8.1.0, )",
        "resolved": "8.1.0",
        "contentHash": "LGppBQ5tUTdZNXA9/zTI5zIrd9Nup5O5ASVU7YxKDD56aU8pK5+sxAcd5ud8bmjlw4t97vCzfNU0wW7/7XFodw==",
        "dependencies": {
          "FastEndpoints.Attributes": "8.1.0",
          "FastEndpoints.JobQueues": "8.1.0",
          "FastEndpoints.Messaging": "8.1.0",
          "FluentValidation": "12.1.1"
        }
      },
      "FastEndpoints.Security": {
        "type": "Direct",
        "requested": "[8.1.0, )",
        "resolved": "8.1.0",
        "contentHash": "VgV0ze8ZD/VN4T1Jsvcc34Dq30UJi+nPm23DHqdKdp9087bfFb5Y91ai8VFdhSM0I+Es7tSzC75OrmgFYOD1bA==",
        "dependencies": {
          "FastEndpoints": "8.1.0",
          "Microsoft.AspNetCore.Authentication.JwtBearer": "10.0.5"
        }
      },
      "FastEndpoints.Swagger": {
        "type": "Direct",
        "requested": "[8.1.0, )",
        "resolved": "8.1.0",
        "contentHash": "J0PLiqtzJzRArxfT9juncvtYbW/bOHfVuAf0Cqz9FhMxJsNyKuVtG9NLxW9lpChEY1yDSaiM5qwzCvxa6Y0Oow==",
        "dependencies": {
          "FastEndpoints": "8.1.0",
          "NSwag.AspNetCore": "14.6.3"
        }
      },
      "Microsoft.AspNetCore.Authentication.JwtBearer": {
        "type": "Direct",
        "requested": "[10.0.5, )",
        "resolved": "10.0.5",
        "contentHash": "fZzXogChrwQ/SfifQJgeW7AtR8hUv5+LH9oLWjm5OqfnVt3N8MwcMHHMdawvqqdjP79lIZgetnSpj77BLsSI1g==",
        "dependencies": {
          "Microsoft.IdentityModel.Protocols.OpenIdConnect": "8.0.1"
        }
      },
      "Microsoft.AspNetCore.Identity.EntityFrameworkCore": {
        "type": "Direct",
        "requested": "[10.0.5, )",
        "resolved": "10.0.5",
        "contentHash": "oo1uauTwgcnhYgituZ2nI3wJ8XN9z76ggu2zkOJu1BCfOOsqr+g08Kr4MOiMuXEhwySkpIV+MVoC25hC1288NA==",
        "dependencies": {
          "Microsoft.EntityFrameworkCore.Relational": "10.0.5"
        }
      },
      "Microsoft.AspNetCore.OpenApi": {
        "type": "Direct",
        "requested": "[10.0.3, )",
        "resolved": "10.0.3",
        "contentHash": "SAvSrKDgnY5GDjDAngOXxPhUvEKlTU/0zIq8zidqHvh/xnZBPs0Vc4LqwyvnmnafNnyUaivtRABz4K4wodXfSg==",
        "dependencies": {
          "Microsoft.OpenApi": "2.0.0"
        }
      },
      "Microsoft.EntityFrameworkCore": {
        "type": "Direct",
        "requested": "[10.0.5, )",
        "resolved": "10.0.5",
        "contentHash": "9tNBmK3EpYVGRQLiqP+bqK2m+TD0Gv//4vCzR7ZOgl4FWzCFyOpYdIVka13M4kcBdPdSJcs3wbHr3rmzOqbIMA==",
        "dependencies": {
          "Microsoft.EntityFrameworkCore.Abstractions": "10.0.5",
          "Microsoft.EntityFrameworkCore.Analyzers": "10.0.5"
        }
      },
      "Microsoft.EntityFrameworkCore.Design": {
        "type": "Direct",
        "requested": "[10.0.5, )",
        "resolved": "10.0.5",
        "contentHash": "gm6f0cC2w/2tcd4GeZJqEMruTercpIJfO5sSAFLtqTqblDBHgAFk70xwshUIUVX4I6sZwdEUSd1YxoKFk1AL0w==",
        "dependencies": {
          "Humanizer.Core": "2.14.1",
          "Microsoft.Build.Framework": "18.0.2",
          "Microsoft.CodeAnalysis.CSharp": "5.0.0",
          "Microsoft.CodeAnalysis.CSharp.Workspaces": "5.0.0",
          "Microsoft.CodeAnalysis.Workspaces.MSBuild": "5.0.0",
          "Microsoft.EntityFrameworkCore.Relational": "10.0.5",
          "Microsoft.Extensions.DependencyModel": "10.0.5",
          "Mono.TextTemplating": "3.0.0",
          "Newtonsoft.Json": "13.0.3"
        }
      },
      "Microsoft.EntityFrameworkCore.Relational": {
        "type": "Direct",
        "requested": "[10.0.5, )",
        "resolved": "10.0.5",
        "contentHash": "uxmFjZEAB/KbsgWFSS4lLqkEHCfXxB2x0UcbiO4e5fCRpFFeTMSx/me6009nYJLu5IKlDwO1POh++P6RilFTDw==",
        "dependencies": {
          "Microsoft.EntityFrameworkCore": "10.0.5"
        }
      },
      "Microsoft.EntityFrameworkCore.Tools": {
        "type": "Direct",
        "requested": "[10.0.5, )",
        "resolved": "10.0.5",
        "contentHash": "maSlvKez/gwy88zoLXCafRh0gEFmakM7fnf6zEi6nyItp7A1Negmp/YBodiuWcxLUguvVkPJZX15MnLeuJwjQA==",
        "dependencies": {
          "Microsoft.EntityFrameworkCore.Design": "10.0.5"
        }
      },
      "Microsoft.Extensions.ApiDescription.Server": {
        "type": "Direct",
        "requested": "[10.0.5, )",
        "resolved": "10.0.5",
        "contentHash": "Lx8zu/RWUAuPuDfM4S3AeXGNu50G/oDMw2MIWRsZPm+giT0iChOGln6ezM5CEuI7SS2IKOPmAp+ry4pMBv/r/w=="
      },
      "Microsoft.IdentityModel.JsonWebTokens": {
        "type": "Direct",
        "requested": "[8.16.0, )",
        "resolved": "8.16.0",
        "contentHash": "prBU72cIP4V8E9fhN+o/YdskTsLeIcnKPbhZf0X6mD7fdxoZqnS/NdEkSr+9Zp+2q7OZBOMfNBKGbTbhXODO4w==",
        "dependencies": {
          "Microsoft.IdentityModel.Tokens": "8.16.0"
        }
      },
      "Microsoft.IdentityModel.Tokens": {
        "type": "Direct",
        "requested": "[8.16.0, )",
        "resolved": "8.16.0",
        "contentHash": "rtViGJcGsN7WcfUNErwNeQgjuU5cJNl6FDQsfi9TncwO+Epzn0FTfBsg3YuFW1Q0Ch/KPxaVdjLw3/+5Z5ceFQ==",
        "dependencies": {
          "Microsoft.IdentityModel.Logging": "8.16.0"
        }
      },
      "Npgsql.EntityFrameworkCore.PostgreSQL": {
        "type": "Direct",
        "requested": "[10.0.1, )",
        "resolved": "10.0.1",
        "contentHash": "P6EwH0Q4xkaA264iNZDqCPhWt8pscfUGxXazDQg4noBfqjoOlk4hKWfvBjF9ZX3R/9JybRmmJfmxr2iBMj0EpA==",
        "dependencies": {
          "Microsoft.EntityFrameworkCore": "[10.0.4, 11.0.0)",
          "Microsoft.EntityFrameworkCore.Relational": "[10.0.4, 11.0.0)",
          "Npgsql": "10.0.2"
        }
      },
      "NSwag.AspNetCore": {
        "type": "Direct",
        "requested": "[14.6.3, )",
        "resolved": "14.6.3",
        "contentHash": "rKhVvcmhDdI91RBntyzzO/Tjfeo4dh1zkO2UaG3R7wWp40GUK+RzZJpY4NjwuawsG+PPEWCDCKEgJL8BNo3R3A==",
        "dependencies": {
          "NJsonSchema": "11.5.2",
          "NJsonSchema.NewtonsoftJson": "11.5.2",
          "NJsonSchema.Yaml": "11.5.2",
          "NSwag.Annotations": "14.6.3",
          "NSwag.Core.Yaml": "14.6.3",
          "NSwag.Generation.AspNetCore": "14.6.3",
          "Namotion.Reflection": "3.4.3",
          "Newtonsoft.Json": "13.0.3"
        }
      },
      "NSwag.MSBuild": {
        "type": "Direct",
        "requested": "[14.6.3, )",
        "resolved": "14.6.3",
        "contentHash": "3QSqdWGKPBbvJsZBBXCAiWh6GvDBG0ZSORHDAuxJTxhdANzG2j9prUP6Ccv7AdnvnVnTeqHFM3+32chUyDSDWg=="
      },
      "FastEndpoints.Attributes": {
        "type": "Transitive",
        "resolved": "8.1.0",
        "contentHash": "jo2pRdwv/Bs0JE7S3bCUBZWuyX7u3fJylOf985/epr/tSQfuaBCIwx9XouuXcU00H1XdukcDKUzVmPQFeRZuRg=="
      },
      "FastEndpoints.Core": {
        "type": "Transitive",
        "resolved": "8.1.0",
        "contentHash": "z5Ym1UNtHZ87u5ZsTgajeM+anU1Ab3TsKvFTK5taPTqb89seB2raxFcykhOHoQ9o1hN7gVj3epS8R7ZYx47nhg=="
      },
      "FastEndpoints.JobQueues": {
        "type": "Transitive",
        "resolved": "8.1.0",
        "contentHash": "vP+D3+4J35miQ2E5mWjay5PDWSPwmlgjvvWFaptNzq0Csde/ONh8PJ8EDnuJ9uhAkKd6QLgujbRaympBQXBhXg==",
        "dependencies": {
          "FastEndpoints.Messaging": "8.1.0"
        }
      },
      "FastEndpoints.Messaging": {
        "type": "Transitive",
        "resolved": "8.1.0",
        "contentHash": "soymzIpNTRjUbrbHZ+418EhB+KC39xj98EWQo8Q0V793EYrl/qVqTlAlahXhInA75CP9pip0/Hgb79U05hflZA==",
        "dependencies": {
          "FastEndpoints.Core": "8.1.0",
          "FastEndpoints.Messaging.Core": "8.1.0"
        }
      },
      "FastEndpoints.Messaging.Core": {
        "type": "Transitive",
        "resolved": "8.1.0",
        "contentHash": "i3VqYn4b9UjpvXFkcCRXZq5lMzQ13dlLab7BWh/19aVY8pvQT9v643ViCdga47zir7y2twnYOIjRIy9Fln2dWw=="
      },
      "FluentValidation": {
        "type": "Transitive",
        "resolved": "12.1.1",
        "contentHash": "EPpkIe1yh1a0OXyC100oOA8WMbZvqUu5plwhvYcb7oSELfyUZzfxV48BLhvs3kKo4NwG7MGLNgy1RJiYtT8Dpw=="
      },
      "Humanizer.Core": {
        "type": "Transitive",
        "resolved": "2.14.1",
        "contentHash": "lQKvtaTDOXnoVJ20ibTuSIOf2i0uO0MPbDhd1jm238I+U/2ZnRENj0cktKZhtchBMtCUSRQ5v4xBCUbKNmyVMw=="
      },
      "Microsoft.Build.Framework": {
        "type": "Transitive",
        "resolved": "18.0.2",
        "contentHash": "sOSb+0J4G/jCBW/YqmRuL0eOMXgfw1KQLdC9TkbvfA5xs7uNm+PBQXJCOzSJGXtZcZrtXozcwxPmUiRUbmd7FA=="
      },
      "Microsoft.CodeAnalysis.Analyzers": {
        "type": "Transitive",
        "resolved": "3.11.0",
        "contentHash": "v/EW3UE8/lbEYHoC2Qq7AR/DnmvpgdtAMndfQNmpuIMx/Mto8L5JnuCfdBYtgvalQOtfNCnxFejxuRrryvUTsg=="
      },
      "Microsoft.CodeAnalysis.Common": {
        "type": "Transitive",
        "resolved": "5.0.0",
        "contentHash": "ZXRAdvH6GiDeHRyd3q/km8Z44RoM6FBWHd+gen/la81mVnAdHTEsEkO5J0TCNXBymAcx5UYKt5TvgKBhaLJEow==",
        "dependencies": {
          "Microsoft.CodeAnalysis.Analyzers": "3.11.0"
        }
      },
      "Microsoft.CodeAnalysis.CSharp": {
        "type": "Transitive",
        "resolved": "5.0.0",
        "contentHash": "5DSyJ9bk+ATuDy7fp2Zt0mJStDVKbBoiz1DyfAwSa+k4H4IwykAUcV3URelw5b8/iVbfSaOwkwmPUZH6opZKCw==",
        "dependencies": {
          "Microsoft.CodeAnalysis.Analyzers": "3.11.0",
          "Microsoft.CodeAnalysis.Common": "[5.0.0]"
        }
      },
      "Microsoft.CodeAnalysis.CSharp.Workspaces": {
        "type": "Transitive",
        "resolved": "5.0.0",
        "contentHash": "Al/Q8B+yO8odSqGVpSvrShMFDvlQdIBU//F3E6Rb0YdiLSALE9wh/pvozPNnfmh5HDnvU+mkmSjpz4hQO++jaA==",
        "dependencies": {
          "Humanizer.Core": "2.14.1",
          "Microsoft.CodeAnalysis.Analyzers": "3.11.0",
          "Microsoft.CodeAnalysis.CSharp": "[5.0.0]",
          "Microsoft.CodeAnalysis.Common": "[5.0.0]",
          "Microsoft.CodeAnalysis.Workspaces.Common": "[5.0.0]",
          "System.Composition": "9.0.0"
        }
      },
      "Microsoft.CodeAnalysis.Workspaces.Common": {
        "type": "Transitive",
        "resolved": "5.0.0",
        "contentHash": "ZbUmIvT6lqTNKiv06Jl5wf0MTMi1vQ1oH7ou4CLcs2C/no/L7EhP3T8y3XXvn9VbqMcJaJnEsNA1jwYUMgc5jg==",
        "dependencies": {
          "Humanizer.Core": "2.14.1",
          "Microsoft.CodeAnalysis.Analyzers": "3.11.0",
          "Microsoft.CodeAnalysis.Common": "[5.0.0]",
          "System.Composition": "9.0.0"
        }
      },
      "Microsoft.CodeAnalysis.Workspaces.MSBuild": {
        "type": "Transitive",
        "resolved": "5.0.0",
        "contentHash": "/G+LVoAGMz6Ae8nm+PGLxSw+F5RjYx/J7irbTO5uKAPw1bxHyQJLc/YOnpDxt+EpPtYxvC9wvBsg/kETZp1F9Q==",
        "dependencies": {
          "Humanizer.Core": "2.14.1",
          "Microsoft.Build.Framework": "17.11.31",
          "Microsoft.CodeAnalysis.Analyzers": "3.11.0",
          "Microsoft.CodeAnalysis.Workspaces.Common": "[5.0.0]",
          "Microsoft.VisualStudio.SolutionPersistence": "1.0.52",
          "Newtonsoft.Json": "13.0.3",
          "System.Composition": "9.0.0"
        }
      },
      "Microsoft.EntityFrameworkCore.Abstractions": {
        "type": "Transitive",
        "resolved": "10.0.5",
        "contentHash": "32c58Rnm47Qvhimawf67KO9PytgPz3QoWye7Abapt0Yocw/JnzMiSNj/pRoIKyn8Jxypkv86zxKD4Q/zNTc0Ag=="
      },
      "Microsoft.EntityFrameworkCore.Analyzers": {
        "type": "Transitive",
        "resolved": "10.0.5",
        "contentHash": "ipC4u1VojgEfoIZhtbS2Sx5IluJTP/Jf1hz3yGsxGBgSukYY/CquI6rAjxn5H58CZgVn36qcuPPtNMwZ0AUzMg=="
      },
      "Microsoft.Extensions.DependencyModel": {
        "type": "Transitive",
        "resolved": "10.0.5",
        "contentHash": "xA4kkL+QS6KCAOKz/O0oquHs44Ob8J7zpBCNt3wjkBWDg5aCqfwG8rWWLsg5V86AM0sB849g9JjPjIdksTCIKg=="
      },
      "Microsoft.IdentityModel.Abstractions": {
        "type": "Transitive",
        "resolved": "8.16.0",
        "contentHash": "gSxKLWRZzBpIsEoeUPkxfywNCCvRvl7hkq146XHPk5vOQc9izSf1I+uL1vh4y2U19QPxd9Z8K/8AdWyxYz2lSg=="
      },
      "Microsoft.IdentityModel.Logging": {
        "type": "Transitive",
        "resolved": "8.16.0",
        "contentHash": "MTzXmETkNQPACR7/XCXM1OGM6oU9RkyibqeJRtO9Ndew2LnGjMf9Atqj2VSf4XC27X0FQycUAlzxxEgQMWn2xQ==",
        "dependencies": {
          "Microsoft.IdentityModel.Abstractions": "8.16.0"
        }
      },
      "Microsoft.IdentityModel.Protocols": {
        "type": "Transitive",
        "resolved": "8.0.1",
        "contentHash": "uA2vpKqU3I2mBBEaeJAWPTjT9v1TZrGWKdgK6G5qJd03CLx83kdiqO9cmiK8/n1erkHzFBwU/RphP83aAe3i3g==",
        "dependencies": {
          "Microsoft.IdentityModel.Tokens": "8.0.1"
        }
      },
      "Microsoft.IdentityModel.Protocols.OpenIdConnect": {
        "type": "Transitive",
        "resolved": "8.0.1",
        "contentHash": "AQDbfpL+yzuuGhO/mQhKNsp44pm5Jv8/BI4KiFXR7beVGZoSH35zMV3PrmcfvSTsyI6qrcR898NzUauD6SRigg==",
        "dependencies": {
          "Microsoft.IdentityModel.Protocols": "8.0.1",
          "System.IdentityModel.Tokens.Jwt": "8.0.1"
        }
      },
      "Microsoft.OpenApi": {
        "type": "Transitive",
        "resolved": "2.0.0",
        "contentHash": "GGYLfzV/G/ct80OZ45JxnWP7NvMX1BCugn/lX7TH5o0lcVaviavsLMTxmFV2AybXWjbi3h6FF1vgZiTK6PXndw=="
      },
      "Microsoft.VisualStudio.SolutionPersistence": {
        "type": "Transitive",
        "resolved": "1.0.52",
        "contentHash": "oNv2JtYXhpdJrX63nibx1JT3uCESOBQ1LAk7Dtz/sr0+laW0KRM6eKp4CZ3MHDR2siIkKsY8MmUkeP5DKkQQ5w=="
      },
      "Mono.TextTemplating": {
        "type": "Transitive",
        "resolved": "3.0.0",
        "contentHash": "YqueG52R/Xej4VVbKuRIodjiAhV0HR/XVbLbNrJhCZnzjnSjgMJ/dCdV0akQQxavX6hp/LC6rqLGLcXeQYU7XA==",
        "dependencies": {
          "System.CodeDom": "6.0.0"
        }
      },
      "Namotion.Reflection": {
        "type": "Transitive",
        "resolved": "3.4.3",
        "contentHash": "KLk2gLR9f8scM82EiL+p9TONXXPy9+IAZVMzJOA/Wsa7soZD7UJGG6j0fq0D9ZoVnBRRnSeEC7kShhRo3Olgaw=="
      },
      "Newtonsoft.Json": {
        "type": "Transitive",
        "resolved": "13.0.3",
        "contentHash": "HrC5BXdl00IP9zeV+0Z848QWPAoCr9P3bDEZguI+gkLcBKAOxix/tLEAAHC+UvDNPv4a2d18lOReHMOagPa+zQ=="
      },
      "NJsonSchema": {
        "type": "Transitive",
        "resolved": "11.5.2",
        "contentHash": "CAmnt4tnylb82Ro6f2EFIGz8rmThuCsITECUNqGhVEQ5VvxV+XwsTPz6LF58MbvUEV1jVcH+uxxljgM/etgK7A==",
        "dependencies": {
          "NJsonSchema.Annotations": "11.5.2",
          "Namotion.Reflection": "3.4.3",
          "Newtonsoft.Json": "13.0.3"
        }
      },
      "NJsonSchema.Annotations": {
        "type": "Transitive",
        "resolved": "11.5.2",
        "contentHash": "OfYQgNzJZb1r/gR5vza0DbBLxnmcITDhA5CXFuX1qxuP3rRdQMjbIz5VyDVHCU1QxyrfAymzajbh7iszEvyFGQ=="
      },
      "NJsonSchema.NewtonsoftJson": {
        "type": "Transitive",
        "resolved": "11.5.2",
        "contentHash": "2KuhjeP/E/hqixoKRjKUXD56V8gBkEB51gdbTU2gN2AeabCG4gW5YsAUl+ZumFgj0cbEJ7GKdl9IBdeZaLxiTA==",
        "dependencies": {
          "NJsonSchema": "11.5.2",
          "Newtonsoft.Json": "13.0.3"
        }
      },
      "NJsonSchema.Yaml": {
        "type": "Transitive",
        "resolved": "11.5.2",
        "contentHash": "1H835IiOxO5tpqpTN4Ibs0qymHbobHoYr+2K3ZdUVpzwlFDgaGflKmKT+7Hj4cBxKBsNs+MxTeCOEeM+PN1VRw==",
        "dependencies": {
          "NJsonSchema": "11.5.2",
          "YamlDotNet": "16.3.0"
        }
      },
      "Npgsql": {
        "type": "Transitive",
        "resolved": "10.0.2",
        "contentHash": "q5RfBI+wywJSFUNDE1L4ZbHEHCFTblo8Uf6A6oe4feOUFYiUQXyAf9GBh5qEZpvJaHiEbpBPkQumjEhXCJxdrg=="
      },
      "NSwag.Annotations": {
        "type": "Transitive",
        "resolved": "14.6.3",
        "contentHash": "ZAmmjFF6ieW7D7bS7ViIcFZ6Sq77NxAZbvIOypsB8EVRnZMdcr+Rn/sVaVDwPi3YtZJBydSAMNsYDdluhy0ayA=="
      },
      "NSwag.Core": {
        "type": "Transitive",
        "resolved": "14.6.3",
        "contentHash": "TrX5mbmuoOIUaOs/77Rohu0xir4nKjAVHmVsct7wmnsAI6b0HOYEM9eH9km0VbcNKj0baNQ7qYSKH6KXMkkz0Q==",
        "dependencies": {
          "NJsonSchema": "11.5.2",
          "Namotion.Reflection": "3.4.3",
          "Newtonsoft.Json": "13.0.3"
        }
      },
      "NSwag.Core.Yaml": {
        "type": "Transitive",
        "resolved": "14.6.3",
        "contentHash": "/XVgHvtFaJiGElFG1Wuk9N4AwKzmrD8udUKymDQPoqtvg5L0nSeZsnlRgKwPJq/4vquN51AIGWqB8iK4O3YRHg==",
        "dependencies": {
          "NJsonSchema": "11.5.2",
          "NJsonSchema.Yaml": "11.5.2",
          "NSwag.Core": "14.6.3",
          "Namotion.Reflection": "3.4.3",
          "Newtonsoft.Json": "13.0.3"
        }
      },
      "NSwag.Generation": {
        "type": "Transitive",
        "resolved": "14.6.3",
        "contentHash": "PMeOxbdL9XaSgPN2eZfb9gv1fHEtqMujaXCR/EL2A8JNVicCNZH73iy/IKuhNrTstZdzHp0XMYz1vbIvUKiWvQ==",
        "dependencies": {
          "NJsonSchema": "11.5.2",
          "NJsonSchema.NewtonsoftJson": "11.5.2",
          "NSwag.Core": "14.6.3",
          "Namotion.Reflection": "3.4.3",
          "Newtonsoft.Json": "13.0.3"
        }
      },
      "NSwag.Generation.AspNetCore": {
        "type": "Transitive",
        "resolved": "14.6.3",
        "contentHash": "h3A6dekJz95mjLVREa0PHejNTipzZlslqGXttruMJdEBRtxqDOVe3osNllXszAF2kA5JKL8hByNlySIr6aI7MQ==",
        "dependencies": {
          "NJsonSchema": "11.5.2",
          "NJsonSchema.NewtonsoftJson": "11.5.2",
          "NSwag.Generation": "14.6.3",
          "Namotion.Reflection": "3.4.3",
          "Newtonsoft.Json": "13.0.3"
        }
      },
      "System.CodeDom": {
        "type": "Transitive",
        "resolved": "6.0.0",
        "contentHash": "CPc6tWO1LAer3IzfZufDBRL+UZQcj5uS207NHALQzP84Vp/z6wF0Aa0YZImOQY8iStY0A2zI/e3ihKNPfUm8XA=="
      },
      "System.Composition": {
        "type": "Transitive",
        "resolved": "9.0.0",
        "contentHash": "3Djj70fFTraOarSKmRnmRy/zm4YurICm+kiCtI0dYRqGJnLX6nJ+G3WYuFJ173cAPax/gh96REcbNiVqcrypFQ==",
        "dependencies": {
          "System.Composition.AttributedModel": "9.0.0",
          "System.Composition.Convention": "9.0.0",
          "System.Composition.Hosting": "9.0.0",
          "System.Composition.Runtime": "9.0.0",
          "System.Composition.TypedParts": "9.0.0"
        }
      },
      "System.Composition.AttributedModel": {
        "type": "Transitive",
        "resolved": "9.0.0",
        "contentHash": "iri00l/zIX9g4lHMY+Nz0qV1n40+jFYAmgsaiNn16xvt2RDwlqByNG4wgblagnDYxm3YSQQ0jLlC/7Xlk9CzyA=="
      },
      "System.Composition.Convention": {
        "type": "Transitive",
        "resolved": "9.0.0",
        "contentHash": "+vuqVP6xpi582XIjJi6OCsIxuoTZfR0M7WWufk3uGDeCl3wGW6KnpylUJ3iiXdPByPE0vR5TjJgR6hDLez4FQg==",
        "dependencies": {
          "System.Composition.AttributedModel": "9.0.0"
        }
      },
      "System.Composition.Hosting": {
        "type": "Transitive",
        "resolved": "9.0.0",
        "contentHash": "OFqSeFeJYr7kHxDfaViGM1ymk7d4JxK//VSoNF9Ux0gpqkLsauDZpu89kTHHNdCWfSljbFcvAafGyBoY094btQ==",
        "dependencies": {
          "System.Composition.Runtime": "9.0.0"
        }
      },
      "System.Composition.Runtime": {
        "type": "Transitive",
        "resolved": "9.0.0",
        "contentHash": "w1HOlQY1zsOWYussjFGZCEYF2UZXgvoYnS94NIu2CBnAGMbXFAX8PY8c92KwUItPmowal68jnVLBCzdrWLeEKA=="
      },
      "System.Composition.TypedParts": {
        "type": "Transitive",
        "resolved": "9.0.0",
        "contentHash": "aRZlojCCGEHDKqh43jaDgaVpYETsgd7Nx4g1zwLKMtv4iTo0627715ajEFNpEEBTgLmvZuv8K0EVxc3sM4NWJA==",
        "dependencies": {
          "System.Composition.AttributedModel": "9.0.0",
          "System.Composition.Hosting": "9.0.0",
          "System.Composition.Runtime": "9.0.0"
        }
      },
      "System.IdentityModel.Tokens.Jwt": {
        "type": "Transitive",
        "resolved": "8.0.1",
        "contentHash": "GJw3bYkWpOgvN3tJo5X4lYUeIFA2HD293FPUhKmp7qxS+g5ywAb34Dnd3cDAFLkcMohy5XTpoaZ4uAHuw0uSPQ==",
        "dependencies": {
          "Microsoft.IdentityModel.JsonWebTokens": "8.0.1",
          "Microsoft.IdentityModel.Tokens": "8.0.1"
        }
      },
      "YamlDotNet": {
        "type": "Transitive",
        "resolved": "16.3.0",
        "contentHash": "SgMOdxbz8X65z8hraIs6hOEdnkH6hESTAIUa7viEngHOYaH+6q5XJmwr1+yb9vJpNQ19hCQY69xbFsLtXpobQA=="
      }
    }
  }
}